// !$*UTF8*$!
{
	archiveVersion = 1;
	classes = {
	};
	objectVersion = 50;
	objects = {

/* Begin PBXBuildFile section */
		3DCDA62526E1C026004ECAAB /* AppDelegate.swift in Sources */ = {isa = PBXBuildFile; fileRef = 3DCDA62426E1C026004ECAAB /* AppDelegate.swift */; };
		3DCDA62726E1C026004ECAAB /* SceneDelegate.swift in Sources */ = {isa = PBXBuildFile; fileRef = 3DCDA62626E1C026004ECAAB /* SceneDelegate.swift */; };
		3DCDA62926E1C026004ECAAB /* ViewController.swift in Sources */ = {isa = PBXBuildFile; fileRef = 3DCDA62826E1C026004ECAAB /* ViewController.swift */; };
		3DCDA62C26E1C026004ECAAB /* Main.storyboard in Resources */ = {isa = PBXBuildFile; fileRef = 3DCDA62A26E1C026004ECAAB /* Main.storyboard */; };
		3DCDA62E26E1C027004ECAAB /* Assets.xcassets in Resources */ = {isa = PBXBuildFile; fileRef = 3DCDA62D26E1C027004ECAAB /* Assets.xcassets */; };
		3DCDA63126E1C027004ECAAB /* LaunchScreen.storyboard in Resources */ = {isa = PBXBuildFile; fileRef = 3DCDA62F26E1C027004ECAAB /* LaunchScreen.storyboard */; };
		3DCDA63C26E1C027004ECAAB /* RwSwift_testTests.swift in Sources */ = {isa = PBXBuildFile; fileRef = 3DCDA63B26E1C027004ECAAB /* RwSwift_testTests.swift */; };
		3DCDA64726E1C027004ECAAB /* RwSwift_testUITests.swift in Sources */ = {isa = PBXBuildFile; fileRef = 3DCDA64626E1C027004ECAAB /* RwSwift_testUITests.swift */; };
/* End PBXBuildFile section */

/* Begin PBXContainerItemProxy section */
		3DCDA63826E1C027004ECAAB /* PBXContainerItemProxy */ = {
			isa = PBXContainerItemProxy;
			containerPortal = 3DCDA61926E1C026004ECAAB /* Project object */;
			proxyType = 1;
			remoteGlobalIDString = 3DCDA62026E1C026004ECAAB;
			remoteInfo = RwSwift_test;
		};
		3DCDA64326E1C027004ECAAB /* PBXContainerItemProxy */ = {
			isa = PBXContainerItemProxy;
			containerPortal = 3DCDA61926E1C026004ECAAB /* Project object */;
			proxyType = 1;
			remoteGlobalIDString = 3DCDA62026E1C026004ECAAB;
			remoteInfo = RwSwift_test;
		};
/* End PBXContainerItemProxy section */

/* Begin PBXFileReference section */
		3DCDA62126E1C026004ECAAB /* RwSwift_test.app */ = {isa = PBXFileReference; explicitFileType = wrapper.application; includeInIndex = 0; path = RwSwift_test.app; sourceTree = BUILT_PRODUCTS_DIR; };
		3DCDA62426E1C026004ECAAB /* AppDelegate.swift */ = {isa = PBXFileReference; lastKnownFileType = sourcecode.swift; path = AppDelegate.swift; sourceTree = "<group>"; };
		3DCDA62626E1C026004ECAAB /* SceneDelegate.swift */ = {isa = PBXFileReference; lastKnownFileType = sourcecode.swift; path = SceneDelegate.swift; sourceTree = "<group>"; };
		3DCDA62826E1C026004ECAAB /* ViewController.swift */ = {isa = PBXFileReference; lastKnownFileType = sourcecode.swift; path = ViewController.swift; sourceTree = "<group>"; };
		3DCDA62B26E1C026004ECAAB /* Base */ = {isa = PBXFileReference; lastKnownFileType = file.storyboard; name = Base; path = Base.lproj/Main.storyboard; sourceTree = "<group>"; };
		3DCDA62D26E1C027004ECAAB /* Assets.xcassets */ = {isa = PBXFileReference; lastKnownFileType = folder.assetcatalog; path = Assets.xcassets; sourceTree = "<group>"; };
		3DCDA63026E1C027004ECAAB /* Base */ = {isa = PBXFileReference; lastKnownFileType = file.storyboard; name = Base; path = Base.lproj/LaunchScreen.storyboard; sourceTree = "<group>"; };
		3DCDA63226E1C027004ECAAB /* Info.plist */ = {isa = PBXFileReference; lastKnownFileType = text.plist.xml; path = Info.plist; sourceTree = "<group>"; };
		3DCDA63726E1C027004ECAAB /* RwSwift_testTests.xctest */ = {isa = PBXFileReference; explicitFileType = wrapper.cfbundle; includeInIndex = 0; path = RwSwift_testTests.xctest; sourceTree = BUILT_PRODUCTS_DIR; };
		3DCDA63B26E1C027004ECAAB /* RwSwift_testTests.swift */ = {isa = PBXFileReference; lastKnownFileType = sourcecode.swift; path = RwSwift_testTests.swift; sourceTree = "<group>"; };
		3DCDA63D26E1C027004ECAAB /* Info.plist */ = {isa = PBXFileReference; lastKnownFileType = text.plist.xml; path = Info.plist; sourceTree = "<group>"; };
		3DCDA64226E1C027004ECAAB /* RwSwift_testUITests.xctest */ = {isa = PBXFileReference; explicitFileType = wrapper.cfbundle; includeInIndex = 0; path = RwSwift_testUITests.xctest; sourceTree = BUILT_PRODUCTS_DIR; };
		3DCDA64626E1C027004ECAAB /* RwSwift_testUITests.swift */ = {isa = PBXFileReference; lastKnownFileType = sourcecode.swift; path = RwSwift_testUITests.swift; sourceTree = "<group>"; };
		3DCDA64826E1C027004ECAAB /* Info.plist */ = {isa = PBXFileReference; lastKnownFileType = text.plist.xml; path = Info.plist; sourceTree = "<group>"; };
/* End PBXFileReference section */

/* Begin PBXFrameworksBuildPhase section */
		3DCDA61E26E1C026004ECAAB /* Frameworks */ = {
			isa = PBXFrameworksBuildPhase;
			buildActionMask = 2147483647;
			files = (
			);
			runOnlyForDeploymentPostprocessing = 0;
		};
		3DCDA63426E1C027004ECAAB /* Frameworks */ = {
			isa = PBXFrameworksBuildPhase;
			buildActionMask = 2147483647;
			files = (
			);
			runOnlyForDeploymentPostprocessing = 0;
		};
		3DCDA63F26E1C027004ECAAB /* Frameworks */ = {
			isa = PBXFrameworksBuildPhase;
			buildActionMask = 2147483647;
			files = (
			);
			runOnlyForDeploymentPostprocessing = 0;
		};
/* End PBXFrameworksBuildPhase section */

/* Begin PBXGroup section */
		3DCDA61826E1C026004ECAAB = {
			isa = PBXGroup;
			children = (
				3DCDA62326E1C026004ECAAB /* RwSwift_test */,
				3DCDA63A26E1C027004ECAAB /* RwSwift_testTests */,
				3DCDA64526E1C027004ECAAB /* RwSwift_testUITests */,
				3DCDA62226E1C026004ECAAB /* Products */,
			);
			sourceTree = "<group>";
		};
		3DCDA62226E1C026004ECAAB /* Products */ = {
			isa = PBXGroup;
			children = (
				3DCDA62126E1C026004ECAAB /* RwSwift_test.app */,
				3DCDA63726E1C027004ECAAB /* RwSwift_testTests.xctest */,
				3DCDA64226E1C027004ECAAB /* RwSwift_testUITests.xctest */,
			);
			name = Products;
			sourceTree = "<group>";
		};
		3DCDA62326E1C026004ECAAB /* RwSwift_test */ = {
			isa = PBXGroup;
			children = (
				3DCDA62426E1C026004ECAAB /* AppDelegate.swift */,
				3DCDA62626E1C026004ECAAB /* SceneDelegate.swift */,
				3DCDA62826E1C026004ECAAB /* ViewController.swift */,
				3DCDA62A26E1C026004ECAAB /* Main.storyboard */,
				3DCDA62D26E1C027004ECAAB /* Assets.xcassets */,
				3DCDA62F26E1C027004ECAAB /* LaunchScreen.storyboard */,
				3DCDA63226E1C027004ECAAB /* Info.plist */,
			);
			path = RwSwift_test;
			sourceTree = "<group>";
		};
		3DCDA63A26E1C027004ECAAB /* RwSwift_testTests */ = {
			isa = PBXGroup;
			children = (
				3DCDA63B26E1C027004ECAAB /* RwSwift_testTests.swift */,
				3DCDA63D26E1C027004ECAAB /* Info.plist */,
			);
			path = RwSwift_testTests;
			sourceTree = "<group>";
		};
		3DCDA64526E1C027004ECAAB /* RwSwift_testUITests */ = {
			isa = PBXGroup;
			children = (
				3DCDA64626E1C027004ECAAB /* RwSwift_testUITests.swift */,
				3DCDA64826E1C027004ECAAB /* Info.plist */,
			);
			path = RwSwift_testUITests;
			sourceTree = "<group>";
		};
/* End PBXGroup section */

/* Begin PBXNativeTarget section */
		3DCDA62026E1C026004ECAAB /* RwSwift_test */ = {
			isa = PBXNativeTarget;
			buildConfigurationList = 3DCDA64B26E1C027004ECAAB /* Build configuration list for PBXNativeTarget "RwSwift_test" */;
			buildPhases = (
				3DCDA61D26E1C026004ECAAB /* Sources */,
				3DCDA61E26E1C026004ECAAB /* Frameworks */,
				3DCDA61F26E1C026004ECAAB /* Resources */,
			);
			buildRules = (
			);
			dependencies = (
			);
			name = RwSwift_test;
			productName = RwSwift_test;
			productReference = 3DCDA62126E1C026004ECAAB /* RwSwift_test.app */;
			productType = "com.apple.product-type.application";
		};
		3DCDA63626E1C027004ECAAB /* RwSwift_testTests */ = {
			isa = PBXNativeTarget;
			buildConfigurationList = 3DCDA64E26E1C027004ECAAB /* Build configuration list for PBXNativeTarget "RwSwift_testTests" */;
			buildPhases = (
				3DCDA63326E1C027004ECAAB /* Sources */,
				3DCDA63426E1C027004ECAAB /* Frameworks */,
				3DCDA63526E1C027004ECAAB /* Resources */,
			);
			buildRules = (
			);
			dependencies = (
				3DCDA63926E1C027004ECAAB /* PBXTargetDependency */,
			);
			name = RwSwift_testTests;
			productName = RwSwift_testTests;
			productReference = 3DCDA63726E1C027004ECAAB /* RwSwift_testTests.xctest */;
			productType = "com.apple.product-type.bundle.unit-test";
		};
		3DCDA64126E1C027004ECAAB /* RwSwift_testUITests */ = {
			isa = PBXNativeTarget;
			buildConfigurationList = 3DCDA65126E1C027004ECAAB /* Build configuration list for PBXNativeTarget "RwSwift_testUITests" */;
			buildPhases = (
				3DCDA63E26E1C027004ECAAB /* Sources */,
				3DCDA63F26E1C027004ECAAB /* Frameworks */,
				3DCDA64026E1C027004ECAAB /* Resources */,
			);
			buildRules = (
			);
			dependencies = (
				3DCDA64426E1C027004ECAAB /* PBXTargetDependency */,
			);
			name = RwSwift_testUITests;
			productName = RwSwift_testUITests;
			productReference = 3DCDA64226E1C027004ECAAB /* RwSwift_testUITests.xctest */;
			productType = "com.apple.product-type.bundle.ui-testing";
		};
/* End PBXNativeTarget section */

/* Begin PBXProject section */
		3DCDA61926E1C026004ECAAB /* Project object */ = {
			isa = PBXProject;
			attributes = {
				LastSwiftUpdateCheck = 1250;
				LastUpgradeCheck = 1250;
				TargetAttributes = {
					3DCDA62026E1C026004ECAAB = {
						CreatedOnToolsVersion = 12.5.1;
					};
					3DCDA63626E1C027004ECAAB = {
						CreatedOnToolsVersion = 12.5.1;
						TestTargetID = 3DCDA62026E1C026004ECAAB;
					};
					3DCDA64126E1C027004ECAAB = {
						CreatedOnToolsVersion = 12.5.1;
						TestTargetID = 3DCDA62026E1C026004ECAAB;
					};
				};
			};
			buildConfigurationList = 3DCDA61C26E1C026004ECAAB /* Build configuration list for PBXProject "RwSwift_test" */;
			compatibilityVersion = "Xcode 9.3";
			developmentRegion = en;
			hasScannedForEncodings = 0;
			knownRegions = (
				en,
				Base,
			);
			mainGroup = 3DCDA61826E1C026004ECAAB;
			productRefGroup = 3DCDA62226E1C026004ECAAB /* Products */;
			projectDirPath = "";
			projectRoot = "";
			targets = (
				3DCDA62026E1C026004ECAAB /* RwSwift_test */,
				3DCDA63626E1C027004ECAAB /* RwSwift_testTests */,
				3DCDA64126E1C027004ECAAB /* RwSwift_testUITests */,
			);
		};
/* End PBXProject section */

/* Begin PBXResourcesBuildPhase section */
		3DCDA61F26E1C026004ECAAB /* Resources */ = {
			isa = PBXResourcesBuildPhase;
			buildActionMask = 2147483647;
			files = (
				3DCDA63126E1C027004ECAAB /* LaunchScreen.storyboard in Resources */,
				3DCDA62E26E1C027004ECAAB /* Assets.xcassets in Resources */,
				3DCDA62C26E1C026004ECAAB /* Main.storyboard in Resources */,
			);
			runOnlyForDeploymentPostprocessing = 0;
		};
		3DCDA63526E1C027004ECAAB /* Resources */ = {
			isa = PBXResourcesBuildPhase;
			buildActionMask = 2147483647;
			files = (
			);
			runOnlyForDeploymentPostprocessing = 0;
		};
		3DCDA64026E1C027004ECAAB /* Resources */ = {
			isa = PBXResourcesBuildPhase;
			buildActionMask = 2147483647;
			files = (
			);
			runOnlyForDeploymentPostprocessing = 0;
		};
/* End PBXResourcesBuildPhase section */

/* Begin PBXSourcesBuildPhase section */
		3DCDA61D26E1C026004ECAAB /* Sources */ = {
			isa = PBXSourcesBuildPhase;
			buildActionMask = 2147483647;
			files = (
				3DCDA62926E1C026004ECAAB /* ViewController.swift in Sources */,
				3DCDA62526E1C026004ECAAB /* AppDelegate.swift in Sources */,
				3DCDA62726E1C026004ECAAB /* SceneDelegate.swift in Sources */,
			);
			runOnlyForDeploymentPostprocessing = 0;
		};
		3DCDA63326E1C027004ECAAB /* Sources */ = {
			isa = PBXSourcesBuildPhase;
			buildActionMask = 2147483647;
			files = (
				3DCDA63C26E1C027004ECAAB /* RwSwift_testTests.swift in Sources */,
			);
			runOnlyForDeploymentPostprocessing = 0;
		};
		3DCDA63E26E1C027004ECAAB /* Sources */ = {
			isa = PBXSourcesBuildPhase;
			buildActionMask = 2147483647;
			files = (
				3DCDA64726E1C027004ECAAB /* RwSwift_testUITests.swift in Sources */,
			);
			runOnlyForDeploymentPostprocessing = 0;
		};
/* End PBXSourcesBuildPhase section */

/* Begin PBXTargetDependency section */
		3DCDA63926E1C027004ECAAB /* PBXTargetDependency */ = {
			isa = PBXTargetDependency;
			target = 3DCDA62026E1C026004ECAAB /* RwSwift_test */;
			targetProxy = 3DCDA63826E1C027004ECAAB /* PBXContainerItemProxy */;
		};
		3DCDA64426E1C027004ECAAB /* PBXTargetDependency */ = {
			isa = PBXTargetDependency;
			target = 3DCDA62026E1C026004ECAAB /* RwSwift_test */;
			targetProxy = 3DCDA64326E1C027004ECAAB /* PBXContainerItemProxy */;
		};
/* End PBXTargetDependency section */

/* Begin PBXVariantGroup section */
		3DCDA62A26E1C026004ECAAB /* Main.storyboard */ = {
			isa = PBXVariantGroup;
			children = (
				3DCDA62B26E1C026004ECAAB /* Base */,
			);
			name = Main.storyboard;
			sourceTree = "<group>";
		};
		3DCDA62F26E1C027004ECAAB /* LaunchScreen.storyboard */ = {
			isa = PBXVariantGroup;
			children = (
				3DCDA63026E1C027004ECAAB /* Base */,
			);
			name = LaunchScreen.storyboard;
			sourceTree = "<group>";
		};
/* End PBXVariantGroup section */

/* Begin XCBuildConfiguration section */
		3DCDA64926E1C027004ECAAB /* Debug */ = {
			isa = XCBuildConfiguration;
			buildSettings = {
				ALWAYS_SEARCH_USER_PATHS = NO;
				CLANG_ANALYZER_NONNULL = YES;
				CLANG_ANALYZER_NUMBER_OBJECT_CONVERSION = YES_AGGRESSIVE;
				CLANG_CXX_LANGUAGE_STANDARD = "gnu++14";
				CLANG_CXX_LIBRARY = "libc++";
				CLANG_ENABLE_MODULES = YES;
				CLANG_ENABLE_OBJC_ARC = YES;
				CLANG_ENABLE_OBJC_WEAK = YES;
				CLANG_WARN_BLOCK_CAPTURE_AUTORELEASING = YES;
				CLANG_WARN_BOOL_CONVERSION = YES;
				CLANG_WARN_COMMA = YES;
				CLANG_WARN_CONSTANT_CONVERSION = YES;
				CLANG_WARN_DEPRECATED_OBJC_IMPLEMENTATIONS = YES;
				CLANG_WARN_DIRECT_OBJC_ISA_USAGE = YES_ERROR;
				CLANG_WARN_DOCUMENTATION_COMMENTS = YES;
				CLANG_WARN_EMPTY_BODY = YES;
				CLANG_WARN_ENUM_CONVERSION = YES;
				CLANG_WARN_INFINITE_RECURSION = YES;
				CLANG_WARN_INT_CONVERSION = YES;
				CLANG_WARN_NON_LITERAL_NULL_CONVERSION = YES;
				CLANG_WARN_OBJC_IMPLICIT_RETAIN_SELF = YES;
				CLANG_WARN_OBJC_LITERAL_CONVERSION = YES;
				CLANG_WARN_OBJC_ROOT_CLASS = YES_ERROR;
				CLANG_WARN_QUOTED_INCLUDE_IN_FRAMEWORK_HEADER = YES;
				CLANG_WARN_RANGE_LOOP_ANALYSIS = YES;
				CLANG_WARN_STRICT_PROTOTYPES = YES;
				CLANG_WARN_SUSPICIOUS_MOVE = YES;
				CLANG_WARN_UNGUARDED_AVAILABILITY = YES_AGGRESSIVE;
				CLANG_WARN_UNREACHABLE_CODE = YES;
				CLANG_WARN__DUPLICATE_METHOD_MATCH = YES;
				COPY_PHASE_STRIP = NO;
				DEBUG_INFORMATION_FORMAT = dwarf;
				ENABLE_STRICT_OBJC_MSGSEND = YES;
				ENABLE_TESTABILITY = YES;
				GCC_C_LANGUAGE_STANDARD = gnu11;
				GCC_DYNAMIC_NO_PIC = NO;
				GCC_NO_COMMON_BLOCKS = YES;
				GCC_OPTIMIZATION_LEVEL = 0;
				GCC_PREPROCESSOR_DEFINITIONS = (
					"DEBUG=1",
					"$(inherited)",
				);
				GCC_WARN_64_TO_32_BIT_CONVERSION = YES;
				GCC_WARN_ABOUT_RETURN_TYPE = YES_ERROR;
				GCC_WARN_UNDECLARED_SELECTOR = YES;
				GCC_WARN_UNINITIALIZED_AUTOS = YES_AGGRESSIVE;
				GCC_WARN_UNUSED_FUNCTION = YES;
				GCC_WARN_UNUSED_VARIABLE = YES;
				IPHONEOS_DEPLOYMENT_TARGET = 14.5;
				MTL_ENABLE_DEBUG_INFO = INCLUDE_SOURCE;
				MTL_FAST_MATH = YES;
				ONLY_ACTIVE_ARCH = YES;
				SDKROOT = iphoneos;
				SWIFT_ACTIVE_COMPILATION_CONDITIONS = DEBUG;
				SWIFT_OPTIMIZATION_LEVEL = "-Onone";
			};
			name = Debug;
		};
		3DCDA64A26E1C027004ECAAB /* Release */ = {
			isa = XCBuildConfiguration;
			buildSettings = {
				ALWAYS_SEARCH_USER_PATHS = NO;
				CLANG_ANALYZER_NONNULL = YES;
				CLANG_ANALYZER_NUMBER_OBJECT_CONVERSION = YES_AGGRESSIVE;
				CLANG_CXX_LANGUAGE_STANDARD = "gnu++14";
				CLANG_CXX_LIBRARY = "libc++";
				CLANG_ENABLE_MODULES = YES;
				CLANG_ENABLE_OBJC_ARC = YES;
				CLANG_ENABLE_OBJC_WEAK = YES;
				CLANG_WARN_BLOCK_CAPTURE_AUTORELEASING = YES;
				CLANG_WARN_BOOL_CONVERSION = YES;
				CLANG_WARN_COMMA = YES;
				CLANG_WARN_CONSTANT_CONVERSION = YES;
				CLANG_WARN_DEPRECATED_OBJC_IMPLEMENTATIONS = YES;
				CLANG_WARN_DIRECT_OBJC_ISA_USAGE = YES_ERROR;
				CLANG_WARN_DOCUMENTATION_COMMENTS = YES;
				CLANG_WARN_EMPTY_BODY = YES;
				CLANG_WARN_ENUM_CONVERSION = YES;
				CLANG_WARN_INFINITE_RECURSION = YES;
				CLANG_WARN_INT_CONVERSION = YES;
				CLANG_WARN_NON_LITERAL_NULL_CONVERSION = YES;
				CLANG_WARN_OBJC_IMPLICIT_RETAIN_SELF = YES;
				CLANG_WARN_OBJC_LITERAL_CONVERSION = YES;
				CLANG_WARN_OBJC_ROOT_CLASS = YES_ERROR;
				CLANG_WARN_QUOTED_INCLUDE_IN_FRAMEWORK_HEADER = YES;
				CLANG_WARN_RANGE_LOOP_ANALYSIS = YES;
				CLANG_WARN_STRICT_PROTOTYPES = YES;
				CLANG_WARN_SUSPICIOUS_MOVE = YES;
				CLANG_WARN_UNGUARDED_AVAILABILITY = YES_AGGRESSIVE;
				CLANG_WARN_UNREACHABLE_CODE = YES;
				CLANG_WARN__DUPLICATE_METHOD_MATCH = YES;
				COPY_PHASE_STRIP = NO;
				DEBUG_INFORMATION_FORMAT = "dwarf-with-dsym";
				ENABLE_NS_ASSERTIONS = NO;
				ENABLE_STRICT_OBJC_MSGSEND = YES;
				GCC_C_LANGUAGE_STANDARD = gnu11;
				GCC_NO_COMMON_BLOCKS = YES;
				GCC_WARN_64_TO_32_BIT_CONVERSION = YES;
				GCC_WARN_ABOUT_RETURN_TYPE = YES_ERROR;
				GCC_WARN_UNDECLARED_SELECTOR = YES;
				GCC_WARN_UNINITIALIZED_AUTOS = YES_AGGRESSIVE;
				GCC_WARN_UNUSED_FUNCTION = YES;
				GCC_WARN_UNUSED_VARIABLE = YES;
				IPHONEOS_DEPLOYMENT_TARGET = 14.5;
				MTL_ENABLE_DEBUG_INFO = NO;
				MTL_FAST_MATH = YES;
				SDKROOT = iphoneos;
				SWIFT_COMPILATION_MODE = wholemodule;
				SWIFT_OPTIMIZATION_LEVEL = "-O";
				VALIDATE_PRODUCT = YES;
			};
			name = Release;
		};
		3DCDA64C26E1C027004ECAAB /* Debug */ = {
			isa = XCBuildConfiguration;
			buildSettings = {
				ASSETCATALOG_COMPILER_APPICON_NAME = AppIcon;
				ASSETCATALOG_COMPILER_GLOBAL_ACCENT_COLOR_NAME = AccentColor;
				CODE_SIGN_STYLE = Automatic;
				DEVELOPMENT_TEAM = C88Z6A5WMW;
				INFOPLIST_FILE = RwSwift_test/Info.plist;
				LD_RUNPATH_SEARCH_PATHS = (
					"$(inherited)",
					"@executable_path/Frameworks",
				);
				PRODUCT_BUNDLE_IDENTIFIER = "com.yeongwooCho.RwSwift-test";
				PRODUCT_NAME = "$(TARGET_NAME)";
				SWIFT_VERSION = 5.0;
				TARGETED_DEVICE_FAMILY = "1,2";
			};
			name = Debug;
		};
		3DCDA64D26E1C027004ECAAB /* Release */ = {
			isa = XCBuildConfiguration;
			buildSettings = {
				ASSETCATALOG_COMPILER_APPICON_NAME = AppIcon;
				ASSETCATALOG_COMPILER_GLOBAL_ACCENT_COLOR_NAME = AccentColor;
				CODE_SIGN_STYLE = Automatic;
				DEVELOPMENT_TEAM = C88Z6A5WMW;
				INFOPLIST_FILE = RwSwift_test/Info.plist;
				LD_RUNPATH_SEARCH_PATHS = (
					"$(inherited)",
					"@executable_path/Frameworks",
				);
				PRODUCT_BUNDLE_IDENTIFIER = "com.yeongwooCho.RwSwift-test";
				PRODUCT_NAME = "$(TARGET_NAME)";
				SWIFT_VERSION = 5.0;
				TARGETED_DEVICE_FAMILY = "1,2";
			};
			name = Release;
		};
		3DCDA64F26E1C027004ECAAB /* Debug */ = {
			isa = XCBuildConfiguration;
			buildSettings = {
				ALWAYS_EMBED_SWIFT_STANDARD_LIBRARIES = YES;
				BUNDLE_LOADER = "$(TEST_HOST)";
				CODE_SIGN_STYLE = Automatic;
				DEVELOPMENT_TEAM = C88Z6A5WMW;
				INFOPLIST_FILE = RwSwift_testTests/Info.plist;
				IPHONEOS_DEPLOYMENT_TARGET = 14.5;
				LD_RUNPATH_SEARCH_PATHS = (
					"$(inherited)",
					"@executable_path/Frameworks",
					"@loader_path/Frameworks",
				);
				PRODUCT_BUNDLE_IDENTIFIER = "com.yeongwooCho.RwSwift-testTests";
				PRODUCT_NAME = "$(TARGET_NAME)";
				SWIFT_VERSION = 5.0;
				TARGETED_DEVICE_FAMILY = "1,2";
				TEST_HOST = "$(BUILT_PRODUCTS_DIR)/RwSwift_test.app/RwSwift_test";
			};
			name = Debug;
		};
		3DCDA65026E1C027004ECAAB /* Release */ = {
			isa = XCBuildConfiguration;
			buildSettings = {
				ALWAYS_EMBED_SWIFT_STANDARD_LIBRARIES = YES;
				BUNDLE_LOADER = "$(TEST_HOST)";
				CODE_SIGN_STYLE = Automatic;
				DEVELOPMENT_TEAM = C88Z6A5WMW;
				INFOPLIST_FILE = RwSwift_testTests/Info.plist;
				IPHONEOS_DEPLOYMENT_TARGET = 14.5;
				LD_RUNPATH_SEARCH_PATHS = (
					"$(inherited)",
					"@executable_path/Frameworks",
					"@loader_path/Frameworks",
				);
				PRODUCT_BUNDLE_IDENTIFIER = "com.yeongwooCho.RwSwift-testTests";
				PRODUCT_NAME = "$(TARGET_NAME)";
				SWIFT_VERSION = 5.0;
				TARGETED_DEVICE_FAMILY = "1,2";
				TEST_HOST = "$(BUILT_PRODUCTS_DIR)/RwSwift_test.app/RwSwift_test";
			};
			name = Release;
		};
		3DCDA65226E1C027004ECAAB /* Debug */ = {
			isa = XCBuildConfiguration;
			buildSettings = {
				ALWAYS_EMBED_SWIFT_STANDARD_LIBRARIES = YES;
				CODE_SIGN_STYLE = Automatic;
				DEVELOPMENT_TEAM = C88Z6A5WMW;
				INFOPLIST_FILE = RwSwift_testUITests/Info.plist;
				LD_RUNPATH_SEARCH_PATHS = (
					"$(inherited)",
					"@executable_path/Frameworks",
					"@loader_path/Frameworks",
				);
				PRODUCT_BUNDLE_IDENTIFIER = "com.yeongwooCho.RwSwift-testUITests";
				PRODUCT_NAME = "$(TARGET_NAME)";
				SWIFT_VERSION = 5.0;
				TARGETED_DEVICE_FAMILY = "1,2";
				TEST_TARGET_NAME = RwSwift_test;
			};
			name = Debug;
		};
		3DCDA65326E1C027004ECAAB /* Release */ = {
			isa = XCBuildConfiguration;
			buildSettings = {
				ALWAYS_EMBED_SWIFT_STANDARD_LIBRARIES = YES;
				CODE_SIGN_STYLE = Automatic;
				DEVELOPMENT_TEAM = C88Z6A5WMW;
				INFOPLIST_FILE = RwSwift_testUITests/Info.plist;
				LD_RUNPATH_SEARCH_PATHS = (
					"$(inherited)",
					"@executable_path/Frameworks",
					"@loader_path/Frameworks",
				);
				PRODUCT_BUNDLE_IDENTIFIER = "com.yeongwooCho.RwSwift-testUITests";
				PRODUCT_NAME = "$(TARGET_NAME)";
				SWIFT_VERSION = 5.0;
				TARGETED_DEVICE_FAMILY = "1,2";
				TEST_TARGET_NAME = RwSwift_test;
			};
			name = Release;
		};
/* End XCBuildConfiguration section */

/* Begin XCConfigurationList section */
		3DCDA61C26E1C026004ECAAB /* Build configuration list for PBXProject "RwSwift_test" */ = {
			isa = XCConfigurationList;
			buildConfigurations = (
				3DCDA64926E1C027004ECAAB /* Debug */,
				3DCDA64A26E1C027004ECAAB /* Release */,
			);
			defaultConfigurationIsVisible = 0;
			defaultConfigurationName = Release;
		};
		3DCDA64B26E1C027004ECAAB /* Build configuration list for PBXNativeTarget "RwSwift_test" */ = {
			isa = XCConfigurationList;
			buildConfigurations = (
				3DCDA64C26E1C027004ECAAB /* Debug */,
				3DCDA64D26E1C027004ECAAB /* Release */,
			);
			defaultConfigurationIsVisible = 0;
			defaultConfigurationName = Release;
		};
		3DCDA64E26E1C027004ECAAB /* Build configuration list for PBXNativeTarget "RwSwift_testTests" */ = {
			isa = XCConfigurationList;
			buildConfigurations = (
				3DCDA64F26E1C027004ECAAB /* Debug */,
				3DCDA65026E1C027004ECAAB /* Release */,
			);
			defaultConfigurationIsVisible = 0;
			defaultConfigurationName = Release;
		};
		3DCDA65126E1C027004ECAAB /* Build configuration list for PBXNativeTarget "RwSwift_testUITests" */ = {
			isa = XCConfigurationList;
			buildConfigurations = (
				3DCDA65226E1C027004ECAAB /* Debug */,
				3DCDA65326E1C027004ECAAB /* Release */,
			);
			defaultConfigurationIsVisible = 0;
			defaultConfigurationName = Release;
		};
/* End XCConfigurationList section */
	};
	rootObject = 3DCDA61926E1C026004ECAAB /* Project object */;
}
